
Microsoft Visual Studio Solution File, Format Version 12.00
# Visual Studio Version 16
VisualStudioVersion = 16.0.31005.135
MinimumVisualStudioVersion = 10.0.40219.1
Project("{9A19103F-16F7-4668-BE54-9A1E7A4F7556}") = "Sales.API", "Sales\Sales.API.csproj", "{89891506-E24F-4E15-956C-1C1AB2DF2B55}"
EndProject
Project("{2150E333-8FDC-42A3-9474-1A3956D46DE8}") = "Core", "Core", "{6A051DDD-F8B7-4F31-94D7-23287AC3F7DE}"
EndProject
Project("{FAE04EC0-301F-11D3-BF4B-00C04F79EFBC}") = "Sales.Application", "Sales.Application\Sales.Application.csproj", "{EDFA9E07-B6C8-49ED-8914-450E331CE04A}"
EndProject
Project("{FAE04EC0-301F-11D3-BF4B-00C04F79EFBC}") = "Sales.Domain", "Sales.Domain\Sales.Domain.csproj", "{2300AFE5-FCD4-4C21-A434-CE7A09D94824}"
EndProject
Project("{2150E333-8FDC-42A3-9474-1A3956D46DE8}") = "Infrastructure", "Infrastructure", "{C81161E3-38D7-45E2-870F-4B54CA7B4443}"
EndProject
Project("{FAE04EC0-301F-11D3-BF4B-00C04F79EFBC}") = "Sales.Infrastructure", "Sales.Infrastructure\Sales.Infrastructure.csproj", "{E0A15ED9-FFFC-412F-A5A2-E47B6995AF5A}"
EndProject
Global
	GlobalSection(SolutionConfigurationPlatforms) = preSolution
		Debug|Any CPU = Debug|Any CPU
		Release|Any CPU = Release|Any CPU
	EndGlobalSection
	GlobalSection(ProjectConfigurationPlatforms) = postSolution
		{89891506-E24F-4E15-956C-1C1AB2DF2B55}.Debug|Any CPU.ActiveCfg = Debug|Any CPU
		{89891506-E24F-4E15-956C-1C1AB2DF2B55}.Debug|Any CPU.Build.0 = Debug|Any CPU
		{89891506-E24F-4E15-956C-1C1AB2DF2B55}.Release|Any CPU.ActiveCfg = Release|Any CPU
		{89891506-E24F-4E15-956C-1C1AB2DF2B55}.Release|Any CPU.Build.0 = Release|Any CPU
		{EDFA9E07-B6C8-49ED-8914-450E331CE04A}.Debug|Any CPU.ActiveCfg = Debug|Any CPU
		{EDFA9E07-B6C8-49ED-8914-450E331CE04A}.Debug|Any CPU.Build.0 = Debug|Any CPU
		{EDFA9E07-B6C8-49ED-8914-450E331CE04A}.Release|Any CPU.ActiveCfg = Release|Any CPU
		{EDFA9E07-B6C8-49ED-8914-450E331CE04A}.Release|Any CPU.Build.0 = Release|Any CPU
		{2300AFE5-FCD4-4C21-A434-CE7A09D94824}.Debug|Any CPU.ActiveCfg = Debug|Any CPU
		{2300AFE5-FCD4-4C21-A434-CE7A09D94824}.Debug|Any CPU.Build.0 = Debug|Any CPU
		{2300AFE5-FCD4-4C21-A434-CE7A09D94824}.Release|Any CPU.ActiveCfg = Release|Any CPU
		{2300AFE5-FCD4-4C21-A434-CE7A09D94824}.Release|Any CPU.Build.0 = Release|Any CPU
		{E0A15ED9-FFFC-412F-A5A2-E47B6995AF5A}.Debug|Any CPU.ActiveCfg = Debug|Any CPU
		{E0A15ED9-FFFC-412F-A5A2-E47B6995AF5A}.Debug|Any CPU.Build.0 = Debug|Any CPU
		{E0A15ED9-FFFC-412F-A5A2-E47B6995AF5A}.Release|Any CPU.ActiveCfg = Release|Any CPU
		{E0A15ED9-FFFC-412F-A5A2-E47B6995AF5A}.Release|Any CPU.Build.0 = Release|Any CPU
	EndGlobalSection
	GlobalSection(SolutionProperties) = preSolution
		HideSolutionNode = FALSE
	EndGlobalSection
	GlobalSection(NestedProjects) = preSolution
		{EDFA9E07-B6C8-49ED-8914-450E331CE04A} = {6A051DDD-F8B7-4F31-94D7-23287AC3F7DE}
		{2300AFE5-FCD4-4C21-A434-CE7A09D94824} = {6A051DDD-F8B7-4F31-94D7-23287AC3F7DE}
		{E0A15ED9-FFFC-412F-A5A2-E47B6995AF5A} = {C81161E3-38D7-45E2-870F-4B54CA7B4443}
	EndGlobalSection
	GlobalSection(ExtensibilityGlobals) = postSolution
		SolutionGuid = {77F5EC2E-297F-489D-971A-031391D526DD}
	EndGlobalSection
EndGlobal
